
Microsoft Visual Studio Solution File, Format Version 12.00
# Visual Studio Version 17
VisualStudioVersion = 17.0.31919.166
MinimumVisualStudioVersion = 10.0.40219.1
Project("{9A19103F-16F7-4668-BE54-9A1E7A4F7556}") = "Customers.Api", "Customers.Api\Customers.Api.csproj", "{AADE71CC-0CBA-4C2F-A015-2AC0A78DF13D}"
EndProject
Project("{FAE04EC0-301F-11D3-BF4B-00C04F79EFBC}") = "Customers.Services", "Customers.Services\Customers.Services.csproj", "{948337CB-C9C6-4D3A-8599-8B10F00D2623}"
EndProject
Global
	GlobalSection(SolutionConfigurationPlatforms) = preSolution
		Debug|Any CPU = Debug|Any CPU
		Release|Any CPU = Release|Any CPU
	EndGlobalSection
	GlobalSection(ProjectConfigurationPlatforms) = postSolution
		{AADE71CC-0CBA-4C2F-A015-2AC0A78DF13D}.Debug|Any CPU.ActiveCfg = Debug|Any CPU
		{AADE71CC-0CBA-4C2F-A015-2AC0A78DF13D}.Debug|Any CPU.Build.0 = Debug|Any CPU
		{AADE71CC-0CBA-4C2F-A015-2AC0A78DF13D}.Release|Any CPU.ActiveCfg = Release|Any CPU
		{AADE71CC-0CBA-4C2F-A015-2AC0A78DF13D}.Release|Any CPU.Build.0 = Release|Any CPU
		{948337CB-C9C6-4D3A-8599-8B10F00D2623}.Debug|Any CPU.ActiveCfg = Debug|Any CPU
		{948337CB-C9C6-4D3A-8599-8B10F00D2623}.Debug|Any CPU.Build.0 = Debug|Any CPU
		{948337CB-C9C6-4D3A-8599-8B10F00D2623}.Release|Any CPU.ActiveCfg = Release|Any CPU
		{948337CB-C9C6-4D3A-8599-8B10F00D2623}.Release|Any CPU.Build.0 = Release|Any CPU
	EndGlobalSection
	GlobalSection(SolutionProperties) = preSolution
		HideSolutionNode = FALSE
	EndGlobalSection
	GlobalSection(ExtensibilityGlobals) = postSolution
		SolutionGuid = {6340CBBD-BCEA-47CA-BD28-1FE824DD2E4A}
	EndGlobalSection
EndGlobal
