
Microsoft Visual Studio Solution File, Format Version 12.00
# Visual Studio Version 17
VisualStudioVersion = 17.0.31919.166
MinimumVisualStudioVersion = 10.0.40219.1
Project("{FAE04EC0-301F-11D3-BF4B-00C04F79EFBC}") = "MyProject.Api", "MyProject.Api\MyProject.Api.csproj", "{4484EB91-6DA4-4603-AEC7-93A860515F1B}"
EndProject
Global
	GlobalSection(SolutionConfigurationPlatforms) = preSolution
		Debug|Any CPU = Debug|Any CPU
		Release|Any CPU = Release|Any CPU
	EndGlobalSection
	GlobalSection(ProjectConfigurationPlatforms) = postSolution
		{4484EB91-6DA4-4603-AEC7-93A860515F1B}.Debug|Any CPU.ActiveCfg = Debug|Any CPU
		{4484EB91-6DA4-4603-AEC7-93A860515F1B}.Debug|Any CPU.Build.0 = Debug|Any CPU
		{4484EB91-6DA4-4603-AEC7-93A860515F1B}.Release|Any CPU.ActiveCfg = Release|Any CPU
		{4484EB91-6DA4-4603-AEC7-93A860515F1B}.Release|Any CPU.Build.0 = Release|Any CPU
	EndGlobalSection
	GlobalSection(SolutionProperties) = preSolution
		HideSolutionNode = FALSE
	EndGlobalSection
	GlobalSection(ExtensibilityGlobals) = postSolution
		SolutionGuid = {425146EE-E904-4339-9879-D0B8601FE947}
	EndGlobalSection
EndGlobal
